// !$*UTF8*$!
{
	archiveVersion = 1;
	classes = {
	};
	objectVersion = 77;
	objects = {

/* Begin PBXBuildFile section */
		070B45A8716F9CEF6969AD34 /* CountdownRepository.swift in Sources */ = {isa = PBXBuildFile; fileRef = 967A77A85CB321D1C845738E /* CountdownRepository.swift */; };
		14B067263B87BF37A2F8A109 /* WidgetGuideView.swift in Sources */ = {isa = PBXBuildFile; fileRef = 99AF5BB39EADA080ED7ABD70 /* WidgetGuideView.swift */; };
		1526A24E80708797C2BABF42 /* Assets.xcassets in Resources */ = {isa = PBXBuildFile; fileRef = B6C56B4C29CC698967A0D704 /* Assets.xcassets */; };
		1A5AAE604B10741B1E4C2487 /* CountdownMathTests.swift in Sources */ = {isa = PBXBuildFile; fileRef = 9592CD27386EC158DC2A99D8 /* CountdownMathTests.swift */; };
		1ADD638D68501998835C7548 /* UpNextWidget.swift in Sources */ = {isa = PBXBuildFile; fileRef = 00CFBEFAF261E8F9F581121E /* UpNextWidget.swift */; };
		1D2A1E7AB5510C790ACE8730 /* CountdownWidgetViews.swift in Sources */ = {isa = PBXBuildFile; fileRef = 4396DF66AD121D11EC170C62 /* CountdownWidgetViews.swift */; };
		1D4947360380E755AA6F80B5 /* CountdownEntity.swift in Sources */ = {isa = PBXBuildFile; fileRef = 0914BBCED7A87195D22ED6A5 /* CountdownEntity.swift */; };
		24603C6BF4822BA97CF66326 /* CountdownMath.swift in Sources */ = {isa = PBXBuildFile; fileRef = 5A6F1435CC25B845D6DCDC7C /* CountdownMath.swift */; };
		2B7CB3165E81945720AF3252 /* CountdownListView.swift in Sources */ = {isa = PBXBuildFile; fileRef = 2A143D895097593C20505F3B /* CountdownListView.swift */; };
		2BA1A2C82683639E64DEE3EC /* Theme.swift in Sources */ = {isa = PBXBuildFile; fileRef = AE24C13F58D85CE1DDFA7C44 /* Theme.swift */; };
		30811D27AA3E884DC5696F41 /* AppGroup.swift in Sources */ = {isa = PBXBuildFile; fileRef = 8E844969EDF60A4397D77B12 /* AppGroup.swift */; };
		3F760BDCE532A01E76EAB7BA /* SettingsView.swift in Sources */ = {isa = PBXBuildFile; fileRef = 2885F6E919E6ECB0E07CBC0E /* SettingsView.swift */; };
		4FEF93D77C4A3697C3363D84 /* Theme.swift in Sources */ = {isa = PBXBuildFile; fileRef = AE24C13F58D85CE1DDFA7C44 /* Theme.swift */; };
		50F2035237B9CEAEB7E055BD /* CountdownDetailView.swift in Sources */ = {isa = PBXBuildFile; fileRef = D1A09503DA8BBF18E456503E /* CountdownDetailView.swift */; };
		53F1D4ED686E11ADADCD517C /* PrivacyInfo.xcprivacy in Resources */ = {isa = PBXBuildFile; fileRef = 3721CD7D49961C952588A3AE /* PrivacyInfo.xcprivacy */; };
		586480190319B3EF54A011D8 /* CountdownStore.swift in Sources */ = {isa = PBXBuildFile; fileRef = 1812F46926AA546798D059B6 /* CountdownStore.swift */; };
		58B7C830809ACEAACAD7F43F /* CountdownRepository.swift in Sources */ = {isa = PBXBuildFile; fileRef = 967A77A85CB321D1C845738E /* CountdownRepository.swift */; };
		5ADD77B194BE8172F0813157 /* CountdownWidgetViews.swift in Sources */ = {isa = PBXBuildFile; fileRef = 4396DF66AD121D11EC170C62 /* CountdownWidgetViews.swift */; };
		5E2827DD1E7B393613C74A3E /* CountdownEntity.swift in Sources */ = {isa = PBXBuildFile; fileRef = 0914BBCED7A87195D22ED6A5 /* CountdownEntity.swift */; };
		652E813D0631C8B05FF387E4 /* PrivacyInfo.xcprivacy in Resources */ = {isa = PBXBuildFile; fileRef = 91E15BECB06426132BB68370 /* PrivacyInfo.xcprivacy */; };
		690929A61DF52D3790ECB9D0 /* HastaWidgets.appex in Embed Foundation Extensions */ = {isa = PBXBuildFile; fileRef = 06A11D3DE518EE60A914E15F /* HastaWidgets.appex */; settings = {ATTRIBUTES = (RemoveHeadersOnCopy, ); }; };
		6CAA15C6BB78F2BABEAD5EB9 /* AppGroup.swift in Sources */ = {isa = PBXBuildFile; fileRef = 8E844969EDF60A4397D77B12 /* AppGroup.swift */; };
		73C90824DAF0CE71CC5F6DAD /* RootView.swift in Sources */ = {isa = PBXBuildFile; fileRef = 3CA18E9621FE6D504421E04A /* RootView.swift */; };
		7FAF9325AE5C749519B146A8 /* Countdown.swift in Sources */ = {isa = PBXBuildFile; fileRef = C7C594E32F46039533A13D5D /* Countdown.swift */; };
		8085DBF549035FDAC24B189A /* CountdownWidget.swift in Sources */ = {isa = PBXBuildFile; fileRef = 74FAE353B5F47293E5906B53 /* CountdownWidget.swift */; };
		80981874F7D20E47A9A2E742 /* Assets.xcassets in Resources */ = {isa = PBXBuildFile; fileRef = 808B7465D1C0E97D4BF60F98 /* Assets.xcassets */; };
		8617E4A9889295C3D4251C63 /* HastaWidgetsBundle.swift in Sources */ = {isa = PBXBuildFile; fileRef = DE7D363E68AD5536272480C3 /* HastaWidgetsBundle.swift */; };
		955FD6442BCAA9B67E479CDF /* Countdown.swift in Sources */ = {isa = PBXBuildFile; fileRef = C7C594E32F46039533A13D5D /* Countdown.swift */; };
		9E0F9FE6CEC829544A9FB98B /* ReminderScheduler.swift in Sources */ = {isa = PBXBuildFile; fileRef = BEF49A9F304B38EA32A4E560 /* ReminderScheduler.swift */; };
		9E4A6DD221F93DF8136E67DE /* WidgetPreviews.swift in Sources */ = {isa = PBXBuildFile; fileRef = DEDCFADD901A04CD74D2CA3E /* WidgetPreviews.swift */; };
		B6F38617E6C66439D19CD6BF /* AppIconPickerView.swift in Sources */ = {isa = PBXBuildFile; fileRef = D8D4E6AC16B9D978A0FA393C /* AppIconPickerView.swift */; };
		C1E126624D2B6567E33C2DC2 /* CountdownMath.swift in Sources */ = {isa = PBXBuildFile; fileRef = 5A6F1435CC25B845D6DCDC7C /* CountdownMath.swift */; };
		CDEE45028D520DBCF3B9F011 /* PurchaseManager.swift in Sources */ = {isa = PBXBuildFile; fileRef = F5CD2EF05BA79890EE2D36D1 /* PurchaseManager.swift */; };
		CDFFE462CDE1E25B4C136C51 /* HastaApp.swift in Sources */ = {isa = PBXBuildFile; fileRef = 2B7BE3586819395FBAA5A912 /* HastaApp.swift */; };
		CF41A5D1B1491B738D3486C8 /* ColorPaletteView.swift in Sources */ = {isa = PBXBuildFile; fileRef = C41DEAC0222149563D0C9D4D /* ColorPaletteView.swift */; };
		D09FA55F3CD210707AC53147 /* PremiumView.swift in Sources */ = {isa = PBXBuildFile; fileRef = 3767AD2B1807A87014CBE129 /* PremiumView.swift */; };
		D9408899BC700B723C6121F7 /* BackgroundImageStore.swift in Sources */ = {isa = PBXBuildFile; fileRef = E3682E2DDD8121368686C7D1 /* BackgroundImageStore.swift */; };
		E677B6F4EA4E33C4DA357CBA /* SymbolPickerView.swift in Sources */ = {isa = PBXBuildFile; fileRef = CF6DB153863E9ADA303F229C /* SymbolPickerView.swift */; };
		F42F51AC5462D94576686FCA /* BackgroundImageStore.swift in Sources */ = {isa = PBXBuildFile; fileRef = E3682E2DDD8121368686C7D1 /* BackgroundImageStore.swift */; };
		F6484F9DE07EDC30180E0EE3 /* CountdownEditorView.swift in Sources */ = {isa = PBXBuildFile; fileRef = FBBE2C0ED7AAB94D97A9ABA2 /* CountdownEditorView.swift */; };
		FA5044052E0738AFE2EF0DE9 /* WelcomeView.swift in Sources */ = {isa = PBXBuildFile; fileRef = E9C60EAD444F1E1779677380 /* WelcomeView.swift */; };
/* End PBXBuildFile section */

/* Begin PBXContainerItemProxy section */
		1AED5DB693E9C3355CB7DB15 /* PBXContainerItemProxy */ = {
			isa = PBXContainerItemProxy;
			containerPortal = 35FCDFEDF3084828DB31DE15 /* Project object */;
			proxyType = 1;
			remoteGlobalIDString = 919DB16E9986A04925526000;
			remoteInfo = Hasta;
		};
		9B02560CF14CBEF1737DEE5B /* PBXContainerItemProxy */ = {
			isa = PBXContainerItemProxy;
			containerPortal = 35FCDFEDF3084828DB31DE15 /* Project object */;
			proxyType = 1;
			remoteGlobalIDString = CED174E4F8981D706CCB38DF;
			remoteInfo = HastaWidgets;
		};
/* End PBXContainerItemProxy section */

/* Begin PBXCopyFilesBuildPhase section */
		2A899F9276AC4EFD9EF6F161 /* Embed Foundation Extensions */ = {
			isa = PBXCopyFilesBuildPhase;
			buildActionMask = 2147483647;
			dstPath = "";
			dstSubfolderSpec = 13;
			files = (
				690929A61DF52D3790ECB9D0 /* HastaWidgets.appex in Embed Foundation Extensions */,
			);
			name = "Embed Foundation Extensions";
			runOnlyForDeploymentPostprocessing = 0;
		};
/* End PBXCopyFilesBuildPhase section */

/* Begin PBXFileReference section */
		00CFBEFAF261E8F9F581121E /* UpNextWidget.swift */ = {isa = PBXFileReference; includeInIndex = 1; lastKnownFileType = sourcecode.swift; path = UpNextWidget.swift; sourceTree = "<group>"; };
		024D4249D8058B52B1E49221 /* Hasta.app */ = {isa = PBXFileReference; explicitFileType = wrapper.application; includeInIndex = 0; path = Hasta.app; sourceTree = BUILT_PRODUCTS_DIR; };
		06A11D3DE518EE60A914E15F /* HastaWidgets.appex */ = {isa = PBXFileReference; explicitFileType = "wrapper.app-extension"; includeInIndex = 0; path = HastaWidgets.appex; sourceTree = BUILT_PRODUCTS_DIR; };
		0914BBCED7A87195D22ED6A5 /* CountdownEntity.swift */ = {isa = PBXFileReference; includeInIndex = 1; lastKnownFileType = sourcecode.swift; path = CountdownEntity.swift; sourceTree = "<group>"; };
		1812F46926AA546798D059B6 /* CountdownStore.swift */ = {isa = PBXFileReference; includeInIndex = 1; lastKnownFileType = sourcecode.swift; path = CountdownStore.swift; sourceTree = "<group>"; };
		2885F6E919E6ECB0E07CBC0E /* SettingsView.swift */ = {isa = PBXFileReference; includeInIndex = 1; lastKnownFileType = sourcecode.swift; path = SettingsView.swift; sourceTree = "<group>"; };
		2A143D895097593C20505F3B /* CountdownListView.swift */ = {isa = PBXFileReference; includeInIndex = 1; lastKnownFileType = sourcecode.swift; path = CountdownListView.swift; sourceTree = "<group>"; };
		2B7BE3586819395FBAA5A912 /* HastaApp.swift */ = {isa = PBXFileReference; includeInIndex = 1; lastKnownFileType = sourcecode.swift; path = HastaApp.swift; sourceTree = "<group>"; };
		3721CD7D49961C952588A3AE /* PrivacyInfo.xcprivacy */ = {isa = PBXFileReference; includeInIndex = 1; path = PrivacyInfo.xcprivacy; sourceTree = "<group>"; };
		3767AD2B1807A87014CBE129 /* PremiumView.swift */ = {isa = PBXFileReference; includeInIndex = 1; lastKnownFileType = sourcecode.swift; path = PremiumView.swift; sourceTree = "<group>"; };
		3CA18E9621FE6D504421E04A /* RootView.swift */ = {isa = PBXFileReference; includeInIndex = 1; lastKnownFileType = sourcecode.swift; path = RootView.swift; sourceTree = "<group>"; };
		4396DF66AD121D11EC170C62 /* CountdownWidgetViews.swift */ = {isa = PBXFileReference; includeInIndex = 1; lastKnownFileType = sourcecode.swift; path = CountdownWidgetViews.swift; sourceTree = "<group>"; };
		521F5C39AEF3B55744C55901 /* Hasta.storekit */ = {isa = PBXFileReference; includeInIndex = 1; path = Hasta.storekit; sourceTree = "<group>"; };
		5A6F1435CC25B845D6DCDC7C /* CountdownMath.swift */ = {isa = PBXFileReference; includeInIndex = 1; lastKnownFileType = sourcecode.swift; path = CountdownMath.swift; sourceTree = "<group>"; };
		60122A2470B8C1DD72FFE633 /* Info.plist */ = {isa = PBXFileReference; includeInIndex = 1; lastKnownFileType = text.plist.xml; path = Info.plist; sourceTree = "<group>"; };
		74FAE353B5F47293E5906B53 /* CountdownWidget.swift */ = {isa = PBXFileReference; includeInIndex = 1; lastKnownFileType = sourcecode.swift; path = CountdownWidget.swift; sourceTree = "<group>"; };
		808B7465D1C0E97D4BF60F98 /* Assets.xcassets */ = {isa = PBXFileReference; includeInIndex = 1; lastKnownFileType = folder.assetcatalog; path = Assets.xcassets; sourceTree = "<group>"; };
		8E844969EDF60A4397D77B12 /* AppGroup.swift */ = {isa = PBXFileReference; includeInIndex = 1; lastKnownFileType = sourcecode.swift; path = AppGroup.swift; sourceTree = "<group>"; };
		91E15BECB06426132BB68370 /* PrivacyInfo.xcprivacy */ = {isa = PBXFileReference; includeInIndex = 1; path = PrivacyInfo.xcprivacy; sourceTree = "<group>"; };
		9592CD27386EC158DC2A99D8 /* CountdownMathTests.swift */ = {isa = PBXFileReference; includeInIndex = 1; lastKnownFileType = sourcecode.swift; path = CountdownMathTests.swift; sourceTree = "<group>"; };
		967A77A85CB321D1C845738E /* CountdownRepository.swift */ = {isa = PBXFileReference; includeInIndex = 1; lastKnownFileType = sourcecode.swift; path = CountdownRepository.swift; sourceTree = "<group>"; };
		99AF5BB39EADA080ED7ABD70 /* WidgetGuideView.swift */ = {isa = PBXFileReference; includeInIndex = 1; lastKnownFileType = sourcecode.swift; path = WidgetGuideView.swift; sourceTree = "<group>"; };
		A3C4A1E5690D133A8393225C /* HastaWidgets.entitlements */ = {isa = PBXFileReference; includeInIndex = 1; lastKnownFileType = text.plist.entitlements; path = HastaWidgets.entitlements; sourceTree = "<group>"; };
		A73DC8645BEDB0E1DB86C8FF /* Hasta.entitlements */ = {isa = PBXFileReference; includeInIndex = 1; lastKnownFileType = text.plist.entitlements; path = Hasta.entitlements; sourceTree = "<group>"; };
		AE24C13F58D85CE1DDFA7C44 /* Theme.swift */ = {isa = PBXFileReference; includeInIndex = 1; lastKnownFileType = sourcecode.swift; path = Theme.swift; sourceTree = "<group>"; };
		AE8B461525AF6D7E0F95AB33 /* Info.plist */ = {isa = PBXFileReference; includeInIndex = 1; lastKnownFileType = text.plist.xml; path = Info.plist; sourceTree = "<group>"; };
		B6C56B4C29CC698967A0D704 /* Assets.xcassets */ = {isa = PBXFileReference; includeInIndex = 1; lastKnownFileType = folder.assetcatalog; path = Assets.xcassets; sourceTree = "<group>"; };
		B884F0F917F8CD018ECB8519 /* HastaTests.xctest */ = {isa = PBXFileReference; explicitFileType = wrapper.cfbundle; includeInIndex = 0; path = HastaTests.xctest; sourceTree = BUILT_PRODUCTS_DIR; };
		BEF49A9F304B38EA32A4E560 /* ReminderScheduler.swift */ = {isa = PBXFileReference; includeInIndex = 1; lastKnownFileType = sourcecode.swift; path = ReminderScheduler.swift; sourceTree = "<group>"; };
		C41DEAC0222149563D0C9D4D /* ColorPaletteView.swift */ = {isa = PBXFileReference; includeInIndex = 1; lastKnownFileType = sourcecode.swift; path = ColorPaletteView.swift; sourceTree = "<group>"; };
		C7C594E32F46039533A13D5D /* Countdown.swift */ = {isa = PBXFileReference; includeInIndex = 1; lastKnownFileType = sourcecode.swift; path = Countdown.swift; sourceTree = "<group>"; };
		CF6DB153863E9ADA303F229C /* SymbolPickerView.swift */ = {isa = PBXFileReference; includeInIndex = 1; lastKnownFileType = sourcecode.swift; path = SymbolPickerView.swift; sourceTree = "<group>"; };
		D1A09503DA8BBF18E456503E /* CountdownDetailView.swift */ = {isa = PBXFileReference; includeInIndex = 1; lastKnownFileType = sourcecode.swift; path = CountdownDetailView.swift; sourceTree = "<group>"; };
		D8D4E6AC16B9D978A0FA393C /* AppIconPickerView.swift */ = {isa = PBXFileReference; includeInIndex = 1; lastKnownFileType = sourcecode.swift; path = AppIconPickerView.swift; sourceTree = "<group>"; };
		DE7D363E68AD5536272480C3 /* HastaWidgetsBundle.swift */ = {isa = PBXFileReference; includeInIndex = 1; lastKnownFileType = sourcecode.swift; path = HastaWidgetsBundle.swift; sourceTree = "<group>"; };
		DEDCFADD901A04CD74D2CA3E /* WidgetPreviews.swift */ = {isa = PBXFileReference; includeInIndex = 1; lastKnownFileType = sourcecode.swift; path = WidgetPreviews.swift; sourceTree = "<group>"; };
		E3682E2DDD8121368686C7D1 /* BackgroundImageStore.swift */ = {isa = PBXFileReference; includeInIndex = 1; lastKnownFileType = sourcecode.swift; path = BackgroundImageStore.swift; sourceTree = "<group>"; };
		E9C60EAD444F1E1779677380 /* WelcomeView.swift */ = {isa = PBXFileReference; includeInIndex = 1; lastKnownFileType = sourcecode.swift; path = WelcomeView.swift; sourceTree = "<group>"; };
		F5CD2EF05BA79890EE2D36D1 /* PurchaseManager.swift */ = {isa = PBXFileReference; includeInIndex = 1; lastKnownFileType = sourcecode.swift; path = PurchaseManager.swift; sourceTree = "<group>"; };
		FBBE2C0ED7AAB94D97A9ABA2 /* CountdownEditorView.swift */ = {isa = PBXFileReference; includeInIndex = 1; lastKnownFileType = sourcecode.swift; path = CountdownEditorView.swift; sourceTree = "<group>"; };
/* End PBXFileReference section */

/* Begin PBXFrameworksBuildPhase section */
		003F3918B290D5465893D60A /* Frameworks */ = {
			isa = PBXFrameworksBuildPhase;
			buildActionMask = 2147483647;
			files = (
			);
			runOnlyForDeploymentPostprocessing = 0;
		};
		635AB9110C8986D16151C589 /* Frameworks */ = {
			isa = PBXFrameworksBuildPhase;
			buildActionMask = 2147483647;
			files = (
			);
			runOnlyForDeploymentPostprocessing = 0;
		};
		F5B660E43A425FAEA33565CD /* Frameworks */ = {
			isa = PBXFrameworksBuildPhase;
			buildActionMask = 2147483647;
			files = (
			);
			runOnlyForDeploymentPostprocessing = 0;
		};
/* End PBXFrameworksBuildPhase section */

/* Begin PBXGroup section */
		07315967727376C6644F0CDF /* Components */ = {
			isa = PBXGroup;
			children = (
				DEDCFADD901A04CD74D2CA3E /* WidgetPreviews.swift */,
			);
			name = Components;
			path = Components;
			sourceTree = "<group>";
		};
		1244E0790B9E4FFA74AA195D /* Editor */ = {
			isa = PBXGroup;
			children = (
				C41DEAC0222149563D0C9D4D /* ColorPaletteView.swift */,
				FBBE2C0ED7AAB94D97A9ABA2 /* CountdownEditorView.swift */,
				CF6DB153863E9ADA303F229C /* SymbolPickerView.swift */,
			);
			name = Editor;
			path = Editor;
			sourceTree = "<group>";
		};
		18F7DE05105B40C15C209627 /* HastaTests */ = {
			isa = PBXGroup;
			children = (
				9592CD27386EC158DC2A99D8 /* CountdownMathTests.swift */,
			);
			name = HastaTests;
			path = HastaTests;
			sourceTree = "<group>";
		};
		33BF91A879C0F59A4E12A2FA /* Products */ = {
			isa = PBXGroup;
			children = (
				024D4249D8058B52B1E49221 /* Hasta.app */,
				06A11D3DE518EE60A914E15F /* HastaWidgets.appex */,
				B884F0F917F8CD018ECB8519 /* HastaTests.xctest */,
			);
			name = Products;
			sourceTree = "<group>";
		};
		41FB496B8C211B87CAC2ED29 /* Model */ = {
			isa = PBXGroup;
			children = (
				C7C594E32F46039533A13D5D /* Countdown.swift */,
				5A6F1435CC25B845D6DCDC7C /* CountdownMath.swift */,
			);
			name = Model;
			path = Model;
			sourceTree = "<group>";
		};
		4F388C0211A7DF023EDB019F /* Onboarding */ = {
			isa = PBXGroup;
			children = (
				E9C60EAD444F1E1779677380 /* WelcomeView.swift */,
				99AF5BB39EADA080ED7ABD70 /* WidgetGuideView.swift */,
			);
			name = Onboarding;
			path = Onboarding;
			sourceTree = "<group>";
		};
		5FF9EE85A3BECD8883367829 /* Views */ = {
			isa = PBXGroup;
			children = (
				4396DF66AD121D11EC170C62 /* CountdownWidgetViews.swift */,
			);
			name = Views;
			path = Views;
			sourceTree = "<group>";
		};
		6ED9D948B2D992497BD0C038 /* Settings */ = {
			isa = PBXGroup;
			children = (
				D8D4E6AC16B9D978A0FA393C /* AppIconPickerView.swift */,
				2885F6E919E6ECB0E07CBC0E /* SettingsView.swift */,
			);
			name = Settings;
			path = Settings;
			sourceTree = "<group>";
		};
		84FD3BF69B46C2122CAE18A8 /* Premium */ = {
			isa = PBXGroup;
			children = (
				3767AD2B1807A87014CBE129 /* PremiumView.swift */,
			);
			name = Premium;
			path = Premium;
			sourceTree = "<group>";
		};
		8788CFE2BD171619D9E56C71 /* Widgets */ = {
			isa = PBXGroup;
			children = (
				B6C56B4C29CC698967A0D704 /* Assets.xcassets */,
				74FAE353B5F47293E5906B53 /* CountdownWidget.swift */,
				A3C4A1E5690D133A8393225C /* HastaWidgets.entitlements */,
				DE7D363E68AD5536272480C3 /* HastaWidgetsBundle.swift */,
				AE8B461525AF6D7E0F95AB33 /* Info.plist */,
				3721CD7D49961C952588A3AE /* PrivacyInfo.xcprivacy */,
				00CFBEFAF261E8F9F581121E /* UpNextWidget.swift */,
			);
			name = Widgets;
			path = Widgets;
			sourceTree = "<group>";
		};
		89350B954742922F7CDBBBD5 = {
			isa = PBXGroup;
			children = (
				94D2077A1AAA059271346CFE /* App */,
				B7C4EDBC726452E0EE52C84F /* Shared */,
				8788CFE2BD171619D9E56C71 /* Widgets */,
				C7721C744EC20ACBCD61E131 /* Tests */,
				521F5C39AEF3B55744C55901 /* Hasta.storekit */,
				33BF91A879C0F59A4E12A2FA /* Products */,
			);
			sourceTree = "<group>";
		};
		90A8039EE6791BB0DF99EF77 /* Intents */ = {
			isa = PBXGroup;
			children = (
				0914BBCED7A87195D22ED6A5 /* CountdownEntity.swift */,
			);
			name = Intents;
			path = Intents;
			sourceTree = "<group>";
		};
		94D2077A1AAA059271346CFE /* App */ = {
			isa = PBXGroup;
			children = (
				808B7465D1C0E97D4BF60F98 /* Assets.xcassets */,
				A73DC8645BEDB0E1DB86C8FF /* Hasta.entitlements */,
				2B7BE3586819395FBAA5A912 /* HastaApp.swift */,
				60122A2470B8C1DD72FFE633 /* Info.plist */,
				91E15BECB06426132BB68370 /* PrivacyInfo.xcprivacy */,
				E7882C71972C33F7BB8C5C42 /* Store */,
				BC06D20A3488BF5153A0053C /* Views */,
			);
			name = App;
			path = App;
			sourceTree = "<group>";
		};
		AF0952F994A881B908660345 /* Theme */ = {
			isa = PBXGroup;
			children = (
				AE24C13F58D85CE1DDFA7C44 /* Theme.swift */,
			);
			name = Theme;
			path = Theme;
			sourceTree = "<group>";
		};
		B7C4EDBC726452E0EE52C84F /* Shared */ = {
			isa = PBXGroup;
			children = (
				90A8039EE6791BB0DF99EF77 /* Intents */,
				41FB496B8C211B87CAC2ED29 /* Model */,
				C9A43B1F1E4D61CC88CFA2AD /* Storage */,
				AF0952F994A881B908660345 /* Theme */,
				5FF9EE85A3BECD8883367829 /* Views */,
			);
			name = Shared;
			path = Shared;
			sourceTree = "<group>";
		};
		BC06D20A3488BF5153A0053C /* Views */ = {
			isa = PBXGroup;
			children = (
				07315967727376C6644F0CDF /* Components */,
				D1A09503DA8BBF18E456503E /* CountdownDetailView.swift */,
				2A143D895097593C20505F3B /* CountdownListView.swift */,
				1244E0790B9E4FFA74AA195D /* Editor */,
				4F388C0211A7DF023EDB019F /* Onboarding */,
				84FD3BF69B46C2122CAE18A8 /* Premium */,
				3CA18E9621FE6D504421E04A /* RootView.swift */,
				6ED9D948B2D992497BD0C038 /* Settings */,
			);
			name = Views;
			path = Views;
			sourceTree = "<group>";
		};
		C7721C744EC20ACBCD61E131 /* Tests */ = {
			isa = PBXGroup;
			children = (
				18F7DE05105B40C15C209627 /* HastaTests */,
			);
			name = Tests;
			path = Tests;
			sourceTree = "<group>";
		};
		C9A43B1F1E4D61CC88CFA2AD /* Storage */ = {
			isa = PBXGroup;
			children = (
				8E844969EDF60A4397D77B12 /* AppGroup.swift */,
				E3682E2DDD8121368686C7D1 /* BackgroundImageStore.swift */,
				967A77A85CB321D1C845738E /* CountdownRepository.swift */,
			);
			name = Storage;
			path = Storage;
			sourceTree = "<group>";
		};
		E7882C71972C33F7BB8C5C42 /* Store */ = {
			isa = PBXGroup;
			children = (
				1812F46926AA546798D059B6 /* CountdownStore.swift */,
				F5CD2EF05BA79890EE2D36D1 /* PurchaseManager.swift */,
				BEF49A9F304B38EA32A4E560 /* ReminderScheduler.swift */,
			);
			name = Store;
			path = Store;
			sourceTree = "<group>";
		};
/* End PBXGroup section */

/* Begin PBXNativeTarget section */
		54406DD27733F865A411A8E8 /* HastaTests */ = {
			isa = PBXNativeTarget;
			buildConfigurationList = 8C37C17EF98290FB8133FE57 /* Build configuration list for PBXNativeTarget "HastaTests" */;
			buildPhases = (
				BF81D436D99045750EFF5260 /* Sources */,
				635AB9110C8986D16151C589 /* Frameworks */,
				92607DF82139188F9568C8AD /* Resources */,
			);
			buildRules = (
			);
			dependencies = (
				F0AA0144292C7B5E7A5B9800 /* PBXTargetDependency */,
			);
			name = HastaTests;
			productName = HastaTests;
			productReference = B884F0F917F8CD018ECB8519 /* HastaTests.xctest */;
			productType = "com.apple.product-type.bundle.unit-test";
		};
		919DB16E9986A04925526000 /* Hasta */ = {
			isa = PBXNativeTarget;
			buildConfigurationList = A69E6E2DF463418829DB7D8F /* Build configuration list for PBXNativeTarget "Hasta" */;
			buildPhases = (
				673E7A5CF70AC00D51A68841 /* Sources */,
				F5B660E43A425FAEA33565CD /* Frameworks */,
				CC396509C90B18264C089C98 /* Resources */,
				2A899F9276AC4EFD9EF6F161 /* Embed Foundation Extensions */,
			);
			buildRules = (
			);
			dependencies = (
				F3120D8CC284460C97E35583 /* PBXTargetDependency */,
			);
			name = Hasta;
			productName = Hasta;
			productReference = 024D4249D8058B52B1E49221 /* Hasta.app */;
			productType = "com.apple.product-type.application";
		};
		CED174E4F8981D706CCB38DF /* HastaWidgets */ = {
			isa = PBXNativeTarget;
			buildConfigurationList = 3689C13F0B6B53A13C2D3EFC /* Build configuration list for PBXNativeTarget "HastaWidgets" */;
			buildPhases = (
				5B4447A72B4C815C6EB2E1F5 /* Sources */,
				003F3918B290D5465893D60A /* Frameworks */,
				D03DF4C08203CABB18DB46B9 /* Resources */,
			);
			buildRules = (
			);
			dependencies = (
			);
			name = HastaWidgets;
			productName = HastaWidgets;
			productReference = 06A11D3DE518EE60A914E15F /* HastaWidgets.appex */;
			productType = "com.apple.product-type.app-extension";
		};
/* End PBXNativeTarget section */

/* Begin PBXProject section */
		35FCDFEDF3084828DB31DE15 /* Project object */ = {
			isa = PBXProject;
			attributes = {
				BuildIndependentTargetsInParallel = 1;
				LastSwiftUpdateCheck = 2600;
				LastUpgradeCheck = 2600;
				TargetAttributes = {
					54406DD27733F865A411A8E8 = {
						CreatedOnToolsVersion = 26.0;
						TestTargetID = 919DB16E9986A04925526000;
					};
					919DB16E9986A04925526000 = {
						CreatedOnToolsVersion = 26.0;
					};
					CED174E4F8981D706CCB38DF = {
						CreatedOnToolsVersion = 26.0;
					};
				};
			};
			buildConfigurationList = C9D1CBA9654FD010CA0786C4 /* Build configuration list for PBXProject "Hasta" */;
			compatibilityVersion = "Xcode 16.0";
			developmentRegion = en;
			hasScannedForEncodings = 0;
			knownRegions = (
				en,
				Base,
			);
			mainGroup = 89350B954742922F7CDBBBD5;
			minimizedProjectReferenceProxies = 0;
			preferredProjectObjectVersion = 100;
			productRefGroup = 33BF91A879C0F59A4E12A2FA /* Products */;
			projectDirPath = "";
			projectRoot = "";
			targets = (
				919DB16E9986A04925526000 /* Hasta */,
				CED174E4F8981D706CCB38DF /* HastaWidgets */,
				54406DD27733F865A411A8E8 /* HastaTests */,
			);
		};
/* End PBXProject section */

/* Begin PBXResourcesBuildPhase section */
		92607DF82139188F9568C8AD /* Resources */ = {
			isa = PBXResourcesBuildPhase;
			buildActionMask = 2147483647;
			files = (
			);
			runOnlyForDeploymentPostprocessing = 0;
		};
		CC396509C90B18264C089C98 /* Resources */ = {
			isa = PBXResourcesBuildPhase;
			buildActionMask = 2147483647;
			files = (
				80981874F7D20E47A9A2E742 /* Assets.xcassets in Resources */,
				652E813D0631C8B05FF387E4 /* PrivacyInfo.xcprivacy in Resources */,
			);
			runOnlyForDeploymentPostprocessing = 0;
		};
		D03DF4C08203CABB18DB46B9 /* Resources */ = {
			isa = PBXResourcesBuildPhase;
			buildActionMask = 2147483647;
			files = (
				1526A24E80708797C2BABF42 /* Assets.xcassets in Resources */,
				53F1D4ED686E11ADADCD517C /* PrivacyInfo.xcprivacy in Resources */,
			);
			runOnlyForDeploymentPostprocessing = 0;
		};
/* End PBXResourcesBuildPhase section */

/* Begin PBXSourcesBuildPhase section */
		5B4447A72B4C815C6EB2E1F5 /* Sources */ = {
			isa = PBXSourcesBuildPhase;
			buildActionMask = 2147483647;
			files = (
				5E2827DD1E7B393613C74A3E /* CountdownEntity.swift in Sources */,
				955FD6442BCAA9B67E479CDF /* Countdown.swift in Sources */,
				24603C6BF4822BA97CF66326 /* CountdownMath.swift in Sources */,
				30811D27AA3E884DC5696F41 /* AppGroup.swift in Sources */,
				F42F51AC5462D94576686FCA /* BackgroundImageStore.swift in Sources */,
				58B7C830809ACEAACAD7F43F /* CountdownRepository.swift in Sources */,
				4FEF93D77C4A3697C3363D84 /* Theme.swift in Sources */,
				1D2A1E7AB5510C790ACE8730 /* CountdownWidgetViews.swift in Sources */,
				8085DBF549035FDAC24B189A /* CountdownWidget.swift in Sources */,
				8617E4A9889295C3D4251C63 /* HastaWidgetsBundle.swift in Sources */,
				1ADD638D68501998835C7548 /* UpNextWidget.swift in Sources */,
			);
			runOnlyForDeploymentPostprocessing = 0;
		};
		673E7A5CF70AC00D51A68841 /* Sources */ = {
			isa = PBXSourcesBuildPhase;
			buildActionMask = 2147483647;
			files = (
				CDFFE462CDE1E25B4C136C51 /* HastaApp.swift in Sources */,
				586480190319B3EF54A011D8 /* CountdownStore.swift in Sources */,
				CDEE45028D520DBCF3B9F011 /* PurchaseManager.swift in Sources */,
				9E0F9FE6CEC829544A9FB98B /* ReminderScheduler.swift in Sources */,
				9E4A6DD221F93DF8136E67DE /* WidgetPreviews.swift in Sources */,
				50F2035237B9CEAEB7E055BD /* CountdownDetailView.swift in Sources */,
				2B7CB3165E81945720AF3252 /* CountdownListView.swift in Sources */,
				CF41A5D1B1491B738D3486C8 /* ColorPaletteView.swift in Sources */,
				F6484F9DE07EDC30180E0EE3 /* CountdownEditorView.swift in Sources */,
				E677B6F4EA4E33C4DA357CBA /* SymbolPickerView.swift in Sources */,
				FA5044052E0738AFE2EF0DE9 /* WelcomeView.swift in Sources */,
				14B067263B87BF37A2F8A109 /* WidgetGuideView.swift in Sources */,
				D09FA55F3CD210707AC53147 /* PremiumView.swift in Sources */,
				73C90824DAF0CE71CC5F6DAD /* RootView.swift in Sources */,
				B6F38617E6C66439D19CD6BF /* AppIconPickerView.swift in Sources */,
				3F760BDCE532A01E76EAB7BA /* SettingsView.swift in Sources */,
				1D4947360380E755AA6F80B5 /* CountdownEntity.swift in Sources */,
				7FAF9325AE5C749519B146A8 /* Countdown.swift in Sources */,
				C1E126624D2B6567E33C2DC2 /* CountdownMath.swift in Sources */,
				6CAA15C6BB78F2BABEAD5EB9 /* AppGroup.swift in Sources */,
				D9408899BC700B723C6121F7 /* BackgroundImageStore.swift in Sources */,
				070B45A8716F9CEF6969AD34 /* CountdownRepository.swift in Sources */,
				2BA1A2C82683639E64DEE3EC /* Theme.swift in Sources */,
				5ADD77B194BE8172F0813157 /* CountdownWidgetViews.swift in Sources */,
			);
			runOnlyForDeploymentPostprocessing = 0;
		};
		BF81D436D99045750EFF5260 /* Sources */ = {
			isa = PBXSourcesBuildPhase;
			buildActionMask = 2147483647;
			files = (
				1A5AAE604B10741B1E4C2487 /* CountdownMathTests.swift in Sources */,
			);
			runOnlyForDeploymentPostprocessing = 0;
		};
/* End PBXSourcesBuildPhase section */

/* Begin PBXTargetDependency section */
		F0AA0144292C7B5E7A5B9800 /* PBXTargetDependency */ = {
			isa = PBXTargetDependency;
			name = Hasta;
			target = 919DB16E9986A04925526000 /* Hasta */;
			targetProxy = 1AED5DB693E9C3355CB7DB15 /* PBXContainerItemProxy */;
		};
		F3120D8CC284460C97E35583 /* PBXTargetDependency */ = {
			isa = PBXTargetDependency;
			name = HastaWidgets;
			target = CED174E4F8981D706CCB38DF /* HastaWidgets */;
			targetProxy = 9B02560CF14CBEF1737DEE5B /* PBXContainerItemProxy */;
		};
/* End PBXTargetDependency section */

/* Begin XCBuildConfiguration section */
		00ABD16C59690717FE2459B0 /* Debug */ = {
			isa = XCBuildConfiguration;
			buildSettings = {
				BUNDLE_LOADER = "$(TEST_HOST)";
				CLANG_ENABLE_OBJC_WEAK = NO;
				CODE_SIGN_STYLE = Automatic;
				DEVELOPMENT_TEAM = "";
				GENERATE_INFOPLIST_FILE = YES;
				IPHONEOS_DEPLOYMENT_TARGET = 18.0;
				PRODUCT_BUNDLE_IDENTIFIER = com.exaltedpixels.HastaTests;
				PRODUCT_NAME = "$(TARGET_NAME)";
				SDKROOT = iphoneos;
				SWIFT_VERSION = 5.0;
				TARGETED_DEVICE_FAMILY = 1;
				TEST_HOST = "$(BUILT_PRODUCTS_DIR)/Hasta.app/$(BUNDLE_EXECUTABLE_FOLDER_PATH)/Hasta";
			};
			name = Debug;
		};
		0C59021366797F67F1394314 /* Release */ = {
			isa = XCBuildConfiguration;
			buildSettings = {
				ALWAYS_SEARCH_USER_PATHS = NO;
				CLANG_ANALYZER_NONNULL = YES;
				CLANG_ANALYZER_NUMBER_OBJECT_CONVERSION = YES_AGGRESSIVE;
				CLANG_CXX_LANGUAGE_STANDARD = "gnu++14";
				CLANG_CXX_LIBRARY = "libc++";
				CLANG_ENABLE_MODULES = YES;
				CLANG_ENABLE_OBJC_ARC = YES;
				CLANG_ENABLE_OBJC_WEAK = YES;
				CLANG_WARN_BLOCK_CAPTURE_AUTORELEASING = YES;
				CLANG_WARN_BOOL_CONVERSION = YES;
				CLANG_WARN_COMMA = YES;
				CLANG_WARN_CONSTANT_CONVERSION = YES;
				CLANG_WARN_DEPRECATED_OBJC_IMPLEMENTATIONS = YES;
				CLANG_WARN_DIRECT_OBJC_ISA_USAGE = YES_ERROR;
				CLANG_WARN_DOCUMENTATION_COMMENTS = YES;
				CLANG_WARN_EMPTY_BODY = YES;
				CLANG_WARN_ENUM_CONVERSION = YES;
				CLANG_WARN_INFINITE_RECURSION = YES;
				CLANG_WARN_INT_CONVERSION = YES;
				CLANG_WARN_NON_LITERAL_NULL_CONVERSION = YES;
				CLANG_WARN_OBJC_IMPLICIT_RETAIN_SELF = YES;
				CLANG_WARN_OBJC_LITERAL_CONVERSION = YES;
				CLANG_WARN_OBJC_ROOT_CLASS = YES_ERROR;
				CLANG_WARN_QUOTED_INCLUDE_IN_FRAMEWORK_HEADER = YES;
				CLANG_WARN_RANGE_LOOP_ANALYSIS = YES;
				CLANG_WARN_STRICT_PROTOTYPES = YES;
				CLANG_WARN_SUSPICIOUS_MOVE = YES;
				CLANG_WARN_UNGUARDED_AVAILABILITY = YES_AGGRESSIVE;
				CLANG_WARN_UNREACHABLE_CODE = YES;
				CLANG_WARN__DUPLICATE_METHOD_MATCH = YES;
				COPY_PHASE_STRIP = NO;
				DEBUG_INFORMATION_FORMAT = "dwarf-with-dsym";
				ENABLE_NS_ASSERTIONS = NO;
				ENABLE_STRICT_OBJC_MSGSEND = YES;
				ENABLE_USER_SCRIPT_SANDBOXING = YES;
				GCC_C_LANGUAGE_STANDARD = gnu11;
				GCC_NO_COMMON_BLOCKS = YES;
				GCC_WARN_64_TO_32_BIT_CONVERSION = YES;
				GCC_WARN_ABOUT_RETURN_TYPE = YES_ERROR;
				GCC_WARN_UNDECLARED_SELECTOR = YES;
				GCC_WARN_UNINITIALIZED_AUTOS = YES_AGGRESSIVE;
				GCC_WARN_UNUSED_FUNCTION = YES;
				GCC_WARN_UNUSED_VARIABLE = YES;
				IPHONEOS_DEPLOYMENT_TARGET = 18.0;
				MTL_ENABLE_DEBUG_INFO = NO;
				MTL_FAST_MATH = YES;
				PRODUCT_NAME = "$(TARGET_NAME)";
				SDKROOT = iphoneos;
				STRING_CATALOG_GENERATE_SYMBOLS = YES;
				SWIFT_COMPILATION_MODE = wholemodule;
				SWIFT_EMIT_LOC_STRINGS = YES;
				SWIFT_OPTIMIZATION_LEVEL = "-O";
				SWIFT_VERSION = 5.0;
				VALIDATE_PRODUCT = YES;
			};
			name = Release;
		};
		1AFB3A21E037DB07ADC75B4D /* Release */ = {
			isa = XCBuildConfiguration;
			buildSettings = {
				BUNDLE_LOADER = "$(TEST_HOST)";
				CLANG_ENABLE_OBJC_WEAK = NO;
				CODE_SIGN_STYLE = Automatic;
				DEVELOPMENT_TEAM = "";
				GENERATE_INFOPLIST_FILE = YES;
				IPHONEOS_DEPLOYMENT_TARGET = 18.0;
				PRODUCT_BUNDLE_IDENTIFIER = com.exaltedpixels.HastaTests;
				PRODUCT_NAME = "$(TARGET_NAME)";
				SDKROOT = iphoneos;
				SWIFT_VERSION = 5.0;
				TARGETED_DEVICE_FAMILY = 1;
				TEST_HOST = "$(BUILT_PRODUCTS_DIR)/Hasta.app/$(BUNDLE_EXECUTABLE_FOLDER_PATH)/Hasta";
				VALIDATE_PRODUCT = YES;
			};
			name = Release;
		};
		5A0F39C654474AFAA54D592E /* Release */ = {
			isa = XCBuildConfiguration;
			buildSettings = {
				ASSETCATALOG_COMPILER_GLOBAL_ACCENT_COLOR_NAME = AccentColor;
				CLANG_ENABLE_OBJC_WEAK = NO;
				CODE_SIGN_ENTITLEMENTS = Widgets/HastaWidgets.entitlements;
				CODE_SIGN_STYLE = Automatic;
				CURRENT_PROJECT_VERSION = 1;
				DEVELOPMENT_TEAM = "";
				ENABLE_PREVIEWS = YES;
				GENERATE_INFOPLIST_FILE = YES;
				INFOPLIST_FILE = Widgets/Info.plist;
				INFOPLIST_KEY_CFBundleDisplayName = Hasta;
				IPHONEOS_DEPLOYMENT_TARGET = 18.0;
				LD_RUNPATH_SEARCH_PATHS = (
					"$(inherited)",
					"@executable_path/Frameworks",
					"@executable_path/../../Frameworks",
				);
				MARKETING_VERSION = 1.0;
				PRODUCT_BUNDLE_IDENTIFIER = com.exaltedpixels.Hasta.widgets;
				PRODUCT_NAME = "$(TARGET_NAME)";
				SDKROOT = iphoneos;
				SKIP_INSTALL = YES;
				SUPPORTS_MACCATALYST = NO;
				SWIFT_VERSION = 5.0;
				TARGETED_DEVICE_FAMILY = 1;
				VALIDATE_PRODUCT = YES;
			};
			name = Release;
		};
		83779DBFA10BBA39ED617357 /* Debug */ = {
			isa = XCBuildConfiguration;
			buildSettings = {
				ASSETCATALOG_COMPILER_GLOBAL_ACCENT_COLOR_NAME = AccentColor;
				CLANG_ENABLE_OBJC_WEAK = NO;
				CODE_SIGN_ENTITLEMENTS = Widgets/HastaWidgets.entitlements;
				CODE_SIGN_STYLE = Automatic;
				CURRENT_PROJECT_VERSION = 1;
				DEVELOPMENT_TEAM = "";
				ENABLE_PREVIEWS = YES;
				GENERATE_INFOPLIST_FILE = YES;
				INFOPLIST_FILE = Widgets/Info.plist;
				INFOPLIST_KEY_CFBundleDisplayName = Hasta;
				IPHONEOS_DEPLOYMENT_TARGET = 18.0;
				LD_RUNPATH_SEARCH_PATHS = (
					"$(inherited)",
					"@executable_path/Frameworks",
					"@executable_path/../../Frameworks",
				);
				MARKETING_VERSION = 1.0;
				PRODUCT_BUNDLE_IDENTIFIER = com.exaltedpixels.Hasta.widgets;
				PRODUCT_NAME = "$(TARGET_NAME)";
				SDKROOT = iphoneos;
				SKIP_INSTALL = YES;
				SUPPORTS_MACCATALYST = NO;
				SWIFT_VERSION = 5.0;
				TARGETED_DEVICE_FAMILY = 1;
			};
			name = Debug;
		};
		CCD5FC43E7B115D5B1698C22 /* Release */ = {
			isa = XCBuildConfiguration;
			buildSettings = {
				ASSETCATALOG_COMPILER_ALTERNATE_APPICON_NAMES = "AppIcon-Midnight AppIcon-Ocean AppIcon-Mint AppIcon-Mono";
				ASSETCATALOG_COMPILER_APPICON_NAME = AppIcon;
				ASSETCATALOG_COMPILER_GLOBAL_ACCENT_COLOR_NAME = AccentColor;
				ASSETCATALOG_COMPILER_INCLUDE_ALL_APPICON_ASSETS = NO;
				CLANG_ENABLE_OBJC_WEAK = NO;
				CODE_SIGN_ENTITLEMENTS = App/Hasta.entitlements;
				CODE_SIGN_STYLE = Automatic;
				CURRENT_PROJECT_VERSION = 1;
				DEVELOPMENT_TEAM = "";
				ENABLE_PREVIEWS = YES;
				GENERATE_INFOPLIST_FILE = YES;
				INFOPLIST_FILE = App/Info.plist;
				INFOPLIST_KEY_CFBundleDisplayName = Hasta;
				INFOPLIST_KEY_ITSAppUsesNonExemptEncryption = NO;
				INFOPLIST_KEY_LSApplicationCategoryType = "public.app-category.utilities";
				INFOPLIST_KEY_UIApplicationSceneManifest_Generation = YES;
				INFOPLIST_KEY_UIApplicationSupportsIndirectInputEvents = YES;
				INFOPLIST_KEY_UILaunchScreen_Generation = YES;
				INFOPLIST_KEY_UISupportedInterfaceOrientations_iPhone = UIInterfaceOrientationPortrait;
				IPHONEOS_DEPLOYMENT_TARGET = 18.0;
				LD_RUNPATH_SEARCH_PATHS = (
					"$(inherited)",
					"@executable_path/Frameworks",
				);
				MARKETING_VERSION = 1.0;
				PRODUCT_BUNDLE_IDENTIFIER = com.exaltedpixels.Hasta;
				PRODUCT_NAME = "$(TARGET_NAME)";
				SDKROOT = iphoneos;
				SUPPORTS_MACCATALYST = NO;
				SWIFT_VERSION = 5.0;
				TARGETED_DEVICE_FAMILY = 1;
				VALIDATE_PRODUCT = YES;
			};
			name = Release;
		};
		CD7AB60F167215E1B56C266F /* Debug */ = {
			isa = XCBuildConfiguration;
			buildSettings = {
				ASSETCATALOG_COMPILER_ALTERNATE_APPICON_NAMES = "AppIcon-Midnight AppIcon-Ocean AppIcon-Mint AppIcon-Mono";
				ASSETCATALOG_COMPILER_APPICON_NAME = AppIcon;
				ASSETCATALOG_COMPILER_GLOBAL_ACCENT_COLOR_NAME = AccentColor;
				ASSETCATALOG_COMPILER_INCLUDE_ALL_APPICON_ASSETS = NO;
				CLANG_ENABLE_OBJC_WEAK = NO;
				CODE_SIGN_ENTITLEMENTS = App/Hasta.entitlements;
				CODE_SIGN_STYLE = Automatic;
				CURRENT_PROJECT_VERSION = 1;
				DEVELOPMENT_TEAM = "";
				ENABLE_PREVIEWS = YES;
				GENERATE_INFOPLIST_FILE = YES;
				INFOPLIST_FILE = App/Info.plist;
				INFOPLIST_KEY_CFBundleDisplayName = Hasta;
				INFOPLIST_KEY_ITSAppUsesNonExemptEncryption = NO;
				INFOPLIST_KEY_LSApplicationCategoryType = "public.app-category.utilities";
				INFOPLIST_KEY_UIApplicationSceneManifest_Generation = YES;
				INFOPLIST_KEY_UIApplicationSupportsIndirectInputEvents = YES;
				INFOPLIST_KEY_UILaunchScreen_Generation = YES;
				INFOPLIST_KEY_UISupportedInterfaceOrientations_iPhone = UIInterfaceOrientationPortrait;
				IPHONEOS_DEPLOYMENT_TARGET = 18.0;
				LD_RUNPATH_SEARCH_PATHS = (
					"$(inherited)",
					"@executable_path/Frameworks",
				);
				MARKETING_VERSION = 1.0;
				PRODUCT_BUNDLE_IDENTIFIER = com.exaltedpixels.Hasta;
				PRODUCT_NAME = "$(TARGET_NAME)";
				SDKROOT = iphoneos;
				SUPPORTS_MACCATALYST = NO;
				SWIFT_VERSION = 5.0;
				TARGETED_DEVICE_FAMILY = 1;
			};
			name = Debug;
		};
		E75E7CCFC716C845EB1C7E55 /* Debug */ = {
			isa = XCBuildConfiguration;
			buildSettings = {
				ALWAYS_SEARCH_USER_PATHS = NO;
				CLANG_ANALYZER_NONNULL = YES;
				CLANG_ANALYZER_NUMBER_OBJECT_CONVERSION = YES_AGGRESSIVE;
				CLANG_CXX_LANGUAGE_STANDARD = "gnu++14";
				CLANG_CXX_LIBRARY = "libc++";
				CLANG_ENABLE_MODULES = YES;
				CLANG_ENABLE_OBJC_ARC = YES;
				CLANG_ENABLE_OBJC_WEAK = YES;
				CLANG_WARN_BLOCK_CAPTURE_AUTORELEASING = YES;
				CLANG_WARN_BOOL_CONVERSION = YES;
				CLANG_WARN_COMMA = YES;
				CLANG_WARN_CONSTANT_CONVERSION = YES;
				CLANG_WARN_DEPRECATED_OBJC_IMPLEMENTATIONS = YES;
				CLANG_WARN_DIRECT_OBJC_ISA_USAGE = YES_ERROR;
				CLANG_WARN_DOCUMENTATION_COMMENTS = YES;
				CLANG_WARN_EMPTY_BODY = YES;
				CLANG_WARN_ENUM_CONVERSION = YES;
				CLANG_WARN_INFINITE_RECURSION = YES;
				CLANG_WARN_INT_CONVERSION = YES;
				CLANG_WARN_NON_LITERAL_NULL_CONVERSION = YES;
				CLANG_WARN_OBJC_IMPLICIT_RETAIN_SELF = YES;
				CLANG_WARN_OBJC_LITERAL_CONVERSION = YES;
				CLANG_WARN_OBJC_ROOT_CLASS = YES_ERROR;
				CLANG_WARN_QUOTED_INCLUDE_IN_FRAMEWORK_HEADER = YES;
				CLANG_WARN_RANGE_LOOP_ANALYSIS = YES;
				CLANG_WARN_STRICT_PROTOTYPES = YES;
				CLANG_WARN_SUSPICIOUS_MOVE = YES;
				CLANG_WARN_UNGUARDED_AVAILABILITY = YES_AGGRESSIVE;
				CLANG_WARN_UNREACHABLE_CODE = YES;
				CLANG_WARN__DUPLICATE_METHOD_MATCH = YES;
				COPY_PHASE_STRIP = NO;
				DEBUG_INFORMATION_FORMAT = dwarf;
				ENABLE_STRICT_OBJC_MSGSEND = YES;
				ENABLE_TESTABILITY = YES;
				ENABLE_USER_SCRIPT_SANDBOXING = YES;
				GCC_C_LANGUAGE_STANDARD = gnu11;
				GCC_DYNAMIC_NO_PIC = NO;
				GCC_NO_COMMON_BLOCKS = YES;
				GCC_OPTIMIZATION_LEVEL = 0;
				GCC_PREPROCESSOR_DEFINITIONS = (
					"DEBUG=1",
					"$(inherited)",
				);
				GCC_WARN_64_TO_32_BIT_CONVERSION = YES;
				GCC_WARN_ABOUT_RETURN_TYPE = YES_ERROR;
				GCC_WARN_UNDECLARED_SELECTOR = YES;
				GCC_WARN_UNINITIALIZED_AUTOS = YES_AGGRESSIVE;
				GCC_WARN_UNUSED_FUNCTION = YES;
				GCC_WARN_UNUSED_VARIABLE = YES;
				IPHONEOS_DEPLOYMENT_TARGET = 18.0;
				MTL_ENABLE_DEBUG_INFO = INCLUDE_SOURCE;
				MTL_FAST_MATH = YES;
				ONLY_ACTIVE_ARCH = YES;
				PRODUCT_NAME = "$(TARGET_NAME)";
				SDKROOT = iphoneos;
				STRING_CATALOG_GENERATE_SYMBOLS = YES;
				SWIFT_ACTIVE_COMPILATION_CONDITIONS = "DEBUG $(inherited)";
				SWIFT_EMIT_LOC_STRINGS = YES;
				SWIFT_OPTIMIZATION_LEVEL = "-Onone";
				SWIFT_VERSION = 5.0;
			};
			name = Debug;
		};
/* End XCBuildConfiguration section */

/* Begin XCConfigurationList section */
		3689C13F0B6B53A13C2D3EFC /* Build configuration list for PBXNativeTarget "HastaWidgets" */ = {
			isa = XCConfigurationList;
			buildConfigurations = (
				5A0F39C654474AFAA54D592E /* Release */,
				83779DBFA10BBA39ED617357 /* Debug */,
			);
			defaultConfigurationIsVisible = 0;
			defaultConfigurationName = Release;
		};
		8C37C17EF98290FB8133FE57 /* Build configuration list for PBXNativeTarget "HastaTests" */ = {
			isa = XCConfigurationList;
			buildConfigurations = (
				1AFB3A21E037DB07ADC75B4D /* Release */,
				00ABD16C59690717FE2459B0 /* Debug */,
			);
			defaultConfigurationIsVisible = 0;
			defaultConfigurationName = Release;
		};
		A69E6E2DF463418829DB7D8F /* Build configuration list for PBXNativeTarget "Hasta" */ = {
			isa = XCConfigurationList;
			buildConfigurations = (
				CCD5FC43E7B115D5B1698C22 /* Release */,
				CD7AB60F167215E1B56C266F /* Debug */,
			);
			defaultConfigurationIsVisible = 0;
			defaultConfigurationName = Release;
		};
		C9D1CBA9654FD010CA0786C4 /* Build configuration list for PBXProject "Hasta" */ = {
			isa = XCConfigurationList;
			buildConfigurations = (
				E75E7CCFC716C845EB1C7E55 /* Debug */,
				0C59021366797F67F1394314 /* Release */,
			);
			defaultConfigurationIsVisible = 0;
			defaultConfigurationName = Release;
		};
/* End XCConfigurationList section */
	};
	rootObject = 35FCDFEDF3084828DB31DE15 /* Project object */;
}
